
Microsoft Visual Studio Solution File, Format Version 12.00
# Visual Studio Version 16
VisualStudioVersion = 16.0.32106.194
MinimumVisualStudioVersion = 10.0.40219.1
Project("{9A19103F-16F7-4668-BE54-9A1E7A4F7556}") = "EXEMPLO_D_ERRADO", "EXEMPLO_D_ERRADO\EXEMPLO_D_ERRADO.csproj", "{886B795B-F8BA-45CF-9CED-DD102FBAAB22}"
EndProject
Project("{FAE04EC0-301F-11D3-BF4B-00C04F79EFBC}") = "EXEMPLO_D_CERTO", "EXEMPLO_D_CERTO\EXEMPLO_D_CERTO.csproj", "{56483938-F95D-414B-99AE-5552B71B1452}"
EndProject
Global
	GlobalSection(SolutionConfigurationPlatforms) = preSolution
		Debug|Any CPU = Debug|Any CPU
		Release|Any CPU = Release|Any CPU
	EndGlobalSection
	GlobalSection(ProjectConfigurationPlatforms) = postSolution
		{886B795B-F8BA-45CF-9CED-DD102FBAAB22}.Debug|Any CPU.ActiveCfg = Debug|Any CPU
		{886B795B-F8BA-45CF-9CED-DD102FBAAB22}.Debug|Any CPU.Build.0 = Debug|Any CPU
		{886B795B-F8BA-45CF-9CED-DD102FBAAB22}.Release|Any CPU.ActiveCfg = Release|Any CPU
		{886B795B-F8BA-45CF-9CED-DD102FBAAB22}.Release|Any CPU.Build.0 = Release|Any CPU
		{56483938-F95D-414B-99AE-5552B71B1452}.Debug|Any CPU.ActiveCfg = Debug|Any CPU
		{56483938-F95D-414B-99AE-5552B71B1452}.Debug|Any CPU.Build.0 = Debug|Any CPU
		{56483938-F95D-414B-99AE-5552B71B1452}.Release|Any CPU.ActiveCfg = Release|Any CPU
		{56483938-F95D-414B-99AE-5552B71B1452}.Release|Any CPU.Build.0 = Release|Any CPU
	EndGlobalSection
	GlobalSection(SolutionProperties) = preSolution
		HideSolutionNode = FALSE
	EndGlobalSection
	GlobalSection(ExtensibilityGlobals) = postSolution
		SolutionGuid = {3F78D80C-B8A5-47B4-B804-4FA659998BC9}
	EndGlobalSection
EndGlobal
